dependencies:
- name: kube-fledged
  repository: https://senthilrch.github.io/kubefledged-charts/
  version: v0.10.0
- name: webhook-receiver
  repository: ""
  version: 1.0.9
- name: ecr-creds
  repository: ""
  version: 0.0.1
digest: sha256:05ac318868609998a1c2dd150054c35e617243ff8a6f6c5ae1a9e8705bb28082
generated: "2022-10-31T17:37:25.649325+02:00"
